# This file is automatically @generated by Cargo.
# It is not intended for manual editing.
[[package]]
name = "bitflags"
version = "1.2.1"
source = "registry+https://github.com/rust-lang/crates.io-index"
checksum = "cf1de2fe8c75bc145a2f577add951f8134889b4795d47466a54a5c846d691693"

[[package]]
name = "cc"
version = "1.0.58"
source = "registry+https://github.com/rust-lang/crates.io-index"
checksum = "f9a06fb2e53271d7c279ec1efea6ab691c35a2ae67ec0d91d7acec0caf13b518"

[[package]]
name = "cfg-if"
version = "0.1.10"
source = "registry+https://github.com/rust-lang/crates.io-index"
checksum = "4785bdd1c96b2a846b2bd7cc02e86b6b3dbf14e7e53446c4f54c92a361040822"

[[package]]
name = "kg"
version = "0.1.0"
dependencies = [
 "nix",
 "termios",
]

[[package]]
name = "libc"
version = "0.2.73"
source = "registry+https://github.com/rust-lang/crates.io-index"
checksum = "bd7d4bd64732af4bf3a67f367c27df8520ad7e230c5817b8ff485864d80242b9"

[[package]]
name = "nix"
version = "0.18.0"
source = "registry+https://github.com/rust-lang/crates.io-index"
checksum = "83450fe6a6142ddd95fb064b746083fc4ef1705fe81f64a64e1d4b39f54a1055"
dependencies = [
 "bitflags",
 "cc",
 "cfg-if",
 "libc",
]

[[package]]
name = "termios"
version = "0.3.2"
source = "registry+https://github.com/rust-lang/crates.io-index"
checksum = "6f0fcee7b24a25675de40d5bb4de6e41b0df07bc9856295e7e2b3a3600c400c2"
dependencies = [
 "libc",
]
